{
  "version": 1,
  "dependencies": {
    "net8.0": {
      "Corvus.Testing.SpecFlow.NUnit": {
        "type": "Direct",
        "requested": "[2.0.1, )",
        "resolved": "2.0.1",
        "contentHash": "jRk9G0PMuotpgBJMpkp9wM+0Rd+QxG8Hs28nP+p3izctFPtaCNZfcWO1/0QdiQdeK1dTjQdHqWSB7n6oFsRuVQ==",
        "dependencies": {
          "Corvus.Testing.SpecFlow": "2.0.1",
          "Microsoft.NET.Test.Sdk": "17.4.0",
          "Moq": "4.18.4",
          "SpecFlow.NUnit.Runners": "3.9.74",
          "coverlet.msbuild": "3.2.0"
        }
      },
      "Endjin.RecommendedPractices.GitHub": {
        "type": "Direct",
        "requested": "[2.1.5, )",
        "resolved": "2.1.5",
        "contentHash": "PoZqxrp7iYbSF0Vi2Wtj2sepxwZA3i4Yq9CGueralFhLYcHE60E3bQOwHLwWsv4oNf60FYJrr3RjFPa7pv1HyA==",
        "dependencies": {
          "Endjin.RecommendedPractices": "2.1.5",
          "Microsoft.SourceLink.GitHub": "1.1.1"
        }
      },
      "Microsoft.Extensions.Logging.Console": {
        "type": "Direct",
        "requested": "[6.0.*, )",
        "resolved": "6.0.1",
        "contentHash": "lfcXwCTvUpBqP1tRtvgeNI8YzVPfiQ+QNCXL5YIcvR7ADjU/vni5u0RjS9y9EpllnpAzeXPYZhMp5owtY7ZDfA==",
        "dependencies": {
          "Microsoft.Extensions.DependencyInjection.Abstractions": "6.0.0",
          "Microsoft.Extensions.Logging": "6.0.1",
          "Microsoft.Extensions.Logging.Abstractions": "6.0.4",
          "Microsoft.Extensions.Logging.Configuration": "6.0.1",
          "Microsoft.Extensions.Options": "6.0.1"
        }
      },
      "Roslynator.Analyzers": {
        "type": "Direct",
        "requested": "[4.3.0, )",
        "resolved": "4.3.0",
        "contentHash": "NZNaV9DAYGHKZ753WfhtBj8eoP40LLJsA6JQXdzhF87iTZAdbKCgp32mI3cnQF4TMXz7bk+CgzF/kDG+m+9bCg=="
      },
      "StyleCop.Analyzers": {
        "type": "Direct",
        "requested": "[1.2.0-beta.435, )",
        "resolved": "1.2.0-beta.435",
        "contentHash": "TADk7vdGXtfTnYCV7GyleaaRTQjfoSfZXprQrVMm7cSJtJbFc1QIbWPyLvrgrfGdfHbGmUPvaN4ODKNxg2jgPQ==",
        "dependencies": {
          "StyleCop.Analyzers.Unstable": "1.2.0.435"
        }
      },
      "Azure.Core": {
        "type": "Transitive",
        "resolved": "1.31.0",
        "contentHash": "YZlzaVS4XpPPIob934+UFfxvxMWe05PG3FDfwAXZz+MY+ShDJCjMokfrfh18F7VDW5tG0iMbPVjigeL6crGCiQ==",
        "dependencies": {
          "Microsoft.Bcl.AsyncInterfaces": "1.1.1",
          "System.Memory.Data": "1.0.2"
        }
      },
      "Azure.Data.Tables": {
        "type": "Transitive",
        "resolved": "12.8.0",
        "contentHash": "jBNOUXoANEv66mIyR+rzC7toogo48pYciH4n5xsb8nHRz6lfjX9jwsOjC8sdR1Zl75Z6MZvaZjajqVwCt3JqVw==",
        "dependencies": {
          "Azure.Core": "1.27.0"
        }
      },
      "Azure.Identity": {
        "type": "Transitive",
        "resolved": "1.8.2",
        "contentHash": "ywnpn9MLhNTtBG12WOxSaomx0Dwu5HK5PyhHH/CApGrd1BCrhgEwdy4Uwy5IfAznJzVJKZRyKR9cp4aa61xYvA==",
        "dependencies": {
          "Azure.Core": "1.25.0",
          "Microsoft.Identity.Client": "4.49.1",
          "Microsoft.Identity.Client.Extensions.Msal": "2.25.3",
          "System.Security.Cryptography.ProtectedData": "4.7.0"
        }
      },
      "Azure.Security.KeyVault.Secrets": {
        "type": "Transitive",
        "resolved": "4.5.0",
        "contentHash": "ztr26Ai4K7AZGuw68/ffLDn+2G3WL0myjC7nY1RYkxPMnsplTPEH+Ke4RGxvSkg4kC7bJ9NwdlqpEwfDX0qhdw==",
        "dependencies": {
          "Azure.Core": "1.30.0"
        }
      },
      "Azure.Storage.Blobs": {
        "type": "Transitive",
        "resolved": "12.16.0",
        "contentHash": "1ibzh49byOzB2ds6k9bsPqXvxxzdc2U9+MmooDr/lYJHgaWEnPZYX/i04vH0oN0jBGN1diW4N27xER8npvOzCw==",
        "dependencies": {
          "Azure.Storage.Common": "12.15.0"
        }
      },
      "Azure.Storage.Common": {
        "type": "Transitive",
        "resolved": "12.15.0",
        "contentHash": "/SAgn9hhjfHO0RPWp0ilGLr3aMPz+rrz6iRgLKTb1708pI78WLtsQ7/kGooUbCU2flSnk/egmJ0Qj9rFVks/nA==",
        "dependencies": {
          "Azure.Core": "1.31.0",
          "System.IO.Hashing": "6.0.0"
        }
      },
      "BoDi": {
        "type": "Transitive",
        "resolved": "1.5.0",
        "contentHash": "CzIPzdIAFSd2zuLxI+0K9s48Qv3HQDbWiApn9h96j284rHs2bSPrn/PMca3mi4q3xLSEqOp+GUJ6+mXDD9prKg=="
      },
      "Castle.Core": {
        "type": "Transitive",
        "resolved": "5.1.1",
        "contentHash": "rpYtIczkzGpf+EkZgDr9CClTdemhsrwA/W5hMoPjLkRFnXzH44zDLoovXeKtmxb1ykXK9aJVODSpiJml8CTw2g==",
        "dependencies": {
          "System.Diagnostics.EventLog": "6.0.0"
        }
      },
      "Corvus.ContentHandling": {
        "type": "Transitive",
        "resolved": "3.0.0",
        "contentHash": "oyzdbPXSYW19MKO+n/qmbKhgm5/JbCQjFURG9PE4iE2q7Gc9Tflb+p8B4kJqKrcOZkgLfK65QesguDqIIytmrg==",
        "dependencies": {
          "Microsoft.CodeAnalysis.CSharp": "4.3.0",
          "Microsoft.Extensions.DependencyInjection.Abstractions": "3.1.29"
        }
      },
      "Corvus.ContentHandling.Json": {
        "type": "Transitive",
        "resolved": "3.0.0",
        "contentHash": "gElkJIFPtPomoVI1dOUE+wVF8VKFIiCV6AWLaJXghnb60y8klpLsk1LD+DR1HPHydNfYSqMMOATf2RIix22rNg==",
        "dependencies": {
          "Corvus.ContentHandling": "3.0.0",
          "Corvus.Extensions.Newtonsoft.Json": "3.0.0"
        }
      },
      "Corvus.Extensions": {
        "type": "Transitive",
        "resolved": "1.1.11",
        "contentHash": "HYRd2hg8OkhejLs6ywYaGi/xuP71B3ffBeRQkZ5kywlyhxXxfQzyNuE7mvZqwP0ASFCpNLnkZwa3n3BgC59uQg==",
        "dependencies": {
          "System.Interactive": "3.2.0"
        }
      },
      "Corvus.Extensions.Newtonsoft.Json": {
        "type": "Transitive",
        "resolved": "3.0.0",
        "contentHash": "g2lnhVnIRBLYrClqHYBIxMoiW4Uof5azCtNxvDRIxuS+P0zsvnovim7q7vzhv8LndGFNv9kBtbXsIQwu8e+RNg==",
        "dependencies": {
          "Corvus.Json.Abstractions": "3.0.0",
          "Microsoft.Extensions.DependencyInjection.Abstractions": "3.1.29",
          "Newtonsoft.Json": "13.0.1"
        }
      },
      "Corvus.Identity.Abstractions": {
        "type": "Transitive",
        "resolved": "3.3.0",
        "contentHash": "yW2Yf08JOlTg968u/Ok3rx1D3hunGzkx0x9soZ9yGIco7uyyyQlbrHPzKqYr98/ulwut+nqHKfxY7o1osibWtw=="
      },
      "Corvus.Identity.Azure": {
        "type": "Transitive",
        "resolved": "3.3.0",
        "contentHash": "tVIh6tMew3xvA2A1ESkkCS3cxlwAx3lbwyiv+kKGo1gvWoMWva+48FmZxEtBDvyyPd8ansg3Hu4ApCIg6PP+fQ==",
        "dependencies": {
          "Azure.Identity": "1.8.2",
          "Azure.Security.KeyVault.Secrets": "4.5.0",
          "Corvus.Identity.Abstractions": "3.3.0",
          "Microsoft.Extensions.Caching.Memory": "6.0.1",
          "Microsoft.Extensions.DependencyInjection.Abstractions": "6.0.0"
        }
      },
      "Corvus.Json.Abstractions": {
        "type": "Transitive",
        "resolved": "3.0.0",
        "contentHash": "JGhhWLFiAMLas2baiXDDSXCstuq5r8Vau+YAc6sdQN28wB3flxnVmJ262o1QG9ILSTjQLSNX39peVHV9fj83NA=="
      },
      "Corvus.Storage.Azure.BlobStorage": {
        "type": "Transitive",
        "resolved": "1.6.1",
        "contentHash": "NZ60GrKj9XlRDuZRuiIs4WBfC6YJ0yP+8q60gjA5yz9pX09sQELBuJwMW6bepd+i/Haf+JTyMku+Fp2KV25p0Q==",
        "dependencies": {
          "Azure.Storage.Blobs": "12.16.0",
          "Corvus.Storage.Common": "1.6.1"
        }
      },
      "Corvus.Storage.Azure.BlobStorage.Tenancy": {
        "type": "Transitive",
        "resolved": "3.7.1",
        "contentHash": "spzPGk1dbmhZOxov1W0FU/MKumoYOrOukJl4+G1+i5I2Nf0+41IkyzCIc6w/fa74OzHjRa8uORKUvifDRAtsNQ==",
        "dependencies": {
          "Corvus.Storage.Azure.BlobStorage": "1.6.1",
          "Corvus.Tenancy.Abstractions": "3.7.1"
        }
      },
      "Corvus.Storage.Azure.Cosmos": {
        "type": "Transitive",
        "resolved": "1.6.1",
        "contentHash": "B2T8xG8fSKYdXByzL16PRPrym5TShuh5NyTCdkZEYuKo7AiA7Sg5zV4sGo3VM0qxBfKYHiScyvz1zpFxW17Fyw==",
        "dependencies": {
          "Corvus.Storage.Common": "1.6.1",
          "Microsoft.Azure.Cosmos": "3.33.0"
        }
      },
      "Corvus.Storage.Azure.Cosmos.Tenancy": {
        "type": "Transitive",
        "resolved": "3.7.1",
        "contentHash": "Qxpg7MIpluBMXobhxJNVhFfWfnw68Do4ZoBYQ44T8nInwmlfOgMBGi1yUDSkwhrAT/CDwG8x8d+g5Y3TTxFRGA==",
        "dependencies": {
          "Corvus.Storage.Azure.Cosmos": "1.6.1",
          "Corvus.Tenancy.Abstractions": "3.7.1"
        }
      },
      "Corvus.Storage.Azure.TableStorage": {
        "type": "Transitive",
        "resolved": "1.6.1",
        "contentHash": "72kRvnWwJnjCIqdUiANMXZTB1JWVemJPvswGIxHaFSBnSujafPS5qB6E/PqFWf0iBLa0FUTb/htnu/vQGrMQZA==",
        "dependencies": {
          "Azure.Data.Tables": "12.8.0",
          "Corvus.Storage.Common": "1.6.1"
        }
      },
      "Corvus.Storage.Azure.TableStorage.Tenancy": {
        "type": "Transitive",
        "resolved": "3.7.1",
        "contentHash": "8APaWaU6M1192bMavkCIW2j7wdU1F42kJWpI+Nov8dU1lxj1s9ehcLEmWnx3UZL9OCs57SlDBxCZEa0OcC3VGg==",
        "dependencies": {
          "Corvus.Storage.Azure.TableStorage": "1.6.1",
          "Corvus.Tenancy.Abstractions": "3.7.1"
        }
      },
      "Corvus.Storage.Common": {
        "type": "Transitive",
        "resolved": "1.6.1",
        "contentHash": "uzC2sTC+/QaXSd9CWs894UFJ+0JyUYbjj0abOzsCRAQpM0ljHCB4ubAEEieAVWvSZl4felfGdruA/g9Wec6Ipw==",
        "dependencies": {
          "Corvus.Identity.Azure": "3.3.0",
          "Microsoft.Extensions.Configuration.Binder": "3.1.32"
        }
      },
      "Corvus.Tenancy.Abstractions": {
        "type": "Transitive",
        "resolved": "3.7.1",
        "contentHash": "eM4+sArCyPq4OMSwQfMWpWDMyOme4D5tRxLP/MeYuD/dVS0ewIU4ahNM0vvZ802HJ7gP/XUHu7I9FatMRqaXOg==",
        "dependencies": {
          "Corvus.ContentHandling.Json": "3.0.0",
          "Corvus.Extensions": "1.1.11",
          "Microsoft.Extensions.Primitives": "6.0.0"
        }
      },
      "Corvus.Testing.SpecFlow": {
        "type": "Transitive",
        "resolved": "2.0.1",
        "contentHash": "sVHvG/Zl7NLIYu02FM9yFbiCb6n4NKY8KjuApR1l21ZQ28UZfsRpgrNR/nKGM6zOWURqNKf/fI610P1EoP6pzQ==",
        "dependencies": {
          "Microsoft.Extensions.Configuration.Abstractions": "6.0.0",
          "Microsoft.Extensions.DependencyInjection": "6.0.1",
          "Microsoft.Extensions.DependencyInjection.Abstractions": "6.0.0",
          "NUnit": "3.13.3",
          "SpecFlow": "3.9.74",
          "System.Management": "4.7.0"
        }
      },
      "coverlet.msbuild": {
        "type": "Transitive",
        "resolved": "3.2.0",
        "contentHash": "lu/eJJpqJb4qy3BGPtDD/LI5RSOwXYYyRErTyaG0OTP69llzVK3FEe74hBQx0JtLUTLEVBfERV4uGYcE1Br2sg=="
      },
      "Endjin.RecommendedPractices": {
        "type": "Transitive",
        "resolved": "2.1.5",
        "contentHash": "iEFt7iG7gaBi24xSkEPFywEkZkC4yoE61PEkh2Nspqe8zbwKifSn/05jRlvRnYnanXdON+AzTKxLZf28vgCOsA==",
        "dependencies": {
          "Microsoft.Build.Tasks.Git": "1.1.1"
        }
      },
      "Gherkin": {
        "type": "Transitive",
        "resolved": "19.0.3",
        "contentHash": "kq9feqMojMj9aABrHb/ABEPaH2Y4dSclseSahAru6qxCeqVQNLLTgw/6vZMauzI1yBUL2fz03ub5yEd5btLfvg=="
      },
      "Microsoft.Azure.Cosmos": {
        "type": "Transitive",
        "resolved": "3.33.0",
        "contentHash": "RbEI95ROs4WljcutiG91OBUzYYAKRwkOjAINUkwSw8guZ1P4uyDGB3wPCuYf2DGlacPFhFXftTBbpLUUu9qwGg==",
        "dependencies": {
          "Azure.Core": "1.19.0",
          "Microsoft.Bcl.AsyncInterfaces": "1.0.0",
          "Microsoft.Bcl.HashCode": "1.1.0",
          "Newtonsoft.Json": "10.0.2",
          "System.Configuration.ConfigurationManager": "6.0.0"
        }
      },
      "Microsoft.Bcl.AsyncInterfaces": {
        "type": "Transitive",
        "resolved": "1.1.1",
        "contentHash": "yuvf07qFWFqtK3P/MRkEKLhn5r2UbSpVueRziSqj0yJQIKFwG1pq9mOayK3zE5qZCTs0CbrwL9M6R8VwqyGy2w=="
      },
      "Microsoft.Bcl.HashCode": {
        "type": "Transitive",
        "resolved": "1.1.0",
        "contentHash": "J2G1k+u5unBV+aYcwxo94ip16Rkp65pgWFb0R6zwJipzWNMgvqlWeuI7/+R+e8bob66LnSG+llLJ+z8wI94cHg=="
      },
      "Microsoft.Build.Tasks.Git": {
        "type": "Transitive",
        "resolved": "1.1.1",
        "contentHash": "AT3HlgTjsqHnWpBHSNeR0KxbLZD7bztlZVj7I8vgeYG9SYqbeFGh0TM/KVtC6fg53nrWHl3VfZFvb5BiQFcY6Q=="
      },
      "Microsoft.CodeAnalysis.Analyzers": {
        "type": "Transitive",
        "resolved": "3.3.3",
        "contentHash": "j/rOZtLMVJjrfLRlAMckJLPW/1rze9MT1yfWqSIbUPGRu1m1P0fuo9PmqapwsmePfGB5PJrudQLvmUOAMF0DqQ=="
      },
      "Microsoft.CodeAnalysis.Common": {
        "type": "Transitive",
        "resolved": "4.3.0",
        "contentHash": "Hhaw6DKZHiR+vgOdIqvndfUntJhmDR7MjylUJ55EvWtDyJFLDf2eij8r9tcwXP35FLD+bVNNCO0+KIYuvJjNnA==",
        "dependencies": {
          "Microsoft.CodeAnalysis.Analyzers": "3.3.3"
        }
      },
      "Microsoft.CodeAnalysis.CSharp": {
        "type": "Transitive",
        "resolved": "4.3.0",
        "contentHash": "0PU4a2h7L6N9SlF/oNHwj2A/+n0LK/7n6PEGvXyIZq8hc7r/TztB+47mhVLvapT6bWSV7nMT78cNxbQuC6tk6g==",
        "dependencies": {
          "Microsoft.CodeAnalysis.Common": "[4.3.0]"
        }
      },
      "Microsoft.CodeCoverage": {
        "type": "Transitive",
        "resolved": "17.4.0",
        "contentHash": "2oZbSVTC2nAvQ2DnbXLlXS+c25ZyZdWeNd+znWwAxwGaPh9dwQ5NBsYyqQB7sKmJKIUdkKGmN3rzFzjVC81Dtg=="
      },
      "Microsoft.DotNet.InternalAbstractions": {
        "type": "Transitive",
        "resolved": "1.0.0",
        "contentHash": "AAguUq7YyKk3yDWPoWA8DrLZvURxB/LrDdTn1h5lmPeznkFUpfC3p459w5mQYQE0qpquf/CkSQZ0etiV5vRHFA=="
      },
      "Microsoft.DotNet.PlatformAbstractions": {
        "type": "Transitive",
        "resolved": "1.0.3",
        "contentHash": "rF92Gp5L2asYrFNf0cKNBxzzGLh1krHuj6TRDk9wdjN2qdvJLaNYOn1s9oYkMlptYX436KiEFqxhLB+I5veXvQ=="
      },
      "Microsoft.Extensions.Caching.Abstractions": {
        "type": "Transitive",
        "resolved": "6.0.0",
        "contentHash": "bcz5sSFJbganH0+YrfvIjJDIcKNW7TL07C4d1eTmXy/wOt52iz4LVogJb6pazs7W0+74j0YpXFErvp++Aq5Bsw==",
        "dependencies": {
          "Microsoft.Extensions.Primitives": "6.0.0"
        }
      },
      "Microsoft.Extensions.Caching.Memory": {
        "type": "Transitive",
        "resolved": "6.0.1",
        "contentHash": "B4y+Cev05eMcjf1na0v9gza6GUtahXbtY1JCypIgx3B4Ea/KAgsWyXEmW4q6zMbmTMtKzmPVk09rvFJirvMwTg==",
        "dependencies": {
          "Microsoft.Extensions.Caching.Abstractions": "6.0.0",
          "Microsoft.Extensions.DependencyInjection.Abstractions": "6.0.0",
          "Microsoft.Extensions.Logging.Abstractions": "6.0.0",
          "Microsoft.Extensions.Options": "6.0.0",
          "Microsoft.Extensions.Primitives": "6.0.0"
        }
      },
      "Microsoft.Extensions.Configuration": {
        "type": "Transitive",
        "resolved": "6.0.2",
        "contentHash": "2dpWx3Lxqq1lzLa9pY4lTOl6xg7VL45z0oe3r1xfXM0nQzR9XpuuMdk54B1LrC/AsyKbOukry+pdoQ7M7e/ezg==",
        "dependencies": {
          "Microsoft.Extensions.Configuration.Abstractions": "6.0.1",
          "Microsoft.Extensions.Primitives": "6.0.1"
        }
      },
      "Microsoft.Extensions.Configuration.Abstractions": {
        "type": "Transitive",
        "resolved": "6.0.1",
        "contentHash": "+FhuIM7bE3CyzhhIju6K1pmcDAp4ez2PKwx8jnV4dEI/LXXBGdQbDijlaQWqMa1oC38DX390bSshQVaKXioiXA==",
        "dependencies": {
          "Microsoft.Extensions.Primitives": "6.0.1"
        }
      },
      "Microsoft.Extensions.Configuration.Binder": {
        "type": "Transitive",
        "resolved": "6.0.1",
        "contentHash": "akSVfaHcxSSlSjC/dVpHbPLDHvYd/l/x0dlp2v+9zQVtSaSH3BIfO8AXvGgDEN/VPCCGeHigfflqkH3v6+RI4Q==",
        "dependencies": {
          "Microsoft.Extensions.Configuration.Abstractions": "6.0.1"
        }
      },
      "Microsoft.Extensions.DependencyInjection": {
        "type": "Transitive",
        "resolved": "6.0.2",
        "contentHash": "gWUfUZ2ZDvwiVCxsOMComAhG43xstNWWVjV2takUZYRuDSJjO9Q5/b3tfOSkl5mcVwZAL3RZviRj5ZilxHghlw==",
        "dependencies": {
          "Microsoft.Extensions.DependencyInjection.Abstractions": "6.0.0"
        }
      },
      "Microsoft.Extensions.DependencyInjection.Abstractions": {
        "type": "Transitive",
        "resolved": "6.0.0",
        "contentHash": "xlzi2IYREJH3/m6+lUrQlujzX8wDitm4QGnUu6kUXTQAWPuZY8i+ticFJbzfqaetLA6KR/rO6Ew/HuYD+bxifg=="
      },
      "Microsoft.Extensions.DependencyModel": {
        "type": "Transitive",
        "resolved": "1.0.3",
        "contentHash": "Z3o19EnheuegmvgpCzwoSlnCWxYA6qIUhvKJ7ifKHHvU7U+oYR/gliLiL3LVYOOeGMEEzkpJ5W67sOcXizGtlw==",
        "dependencies": {
          "Microsoft.DotNet.PlatformAbstractions": "1.0.3",
          "Newtonsoft.Json": "9.0.1"
        }
      },
      "Microsoft.Extensions.Logging": {
        "type": "Transitive",
        "resolved": "6.0.1",
        "contentHash": "k6tbYaHrqY9kq7p5FfpPbddY1OImPCpXQ/PGcED6N9s5ULRp8n1PdmMzsIwIzCnhIS5bs06G/lO9LfNVpUj8jg==",
        "dependencies": {
          "Microsoft.Extensions.DependencyInjection": "6.0.2",
          "Microsoft.Extensions.DependencyInjection.Abstractions": "6.0.0",
          "Microsoft.Extensions.Logging.Abstractions": "6.0.4",
          "Microsoft.Extensions.Options": "6.0.1"
        }
      },
      "Microsoft.Extensions.Logging.Abstractions": {
        "type": "Transitive",
        "resolved": "6.0.4",
        "contentHash": "K14wYgwOfKVELrUh5eBqlC8Wvo9vvhS3ZhIvcswV2uS/ubkTRPSQsN557EZiYUSSoZNxizG+alN4wjtdyLdcyw=="
      },
      "Microsoft.Extensions.Logging.Configuration": {
        "type": "Transitive",
        "resolved": "6.0.1",
        "contentHash": "iNI0uaD3Xf/YNxHGkafYUnEwfeRInW8oAq62gc5NgHDCBTKTe0UQAZ4rbcXbwFDzM5B4yjUc23TbNN72/66aAg==",
        "dependencies": {
          "Microsoft.Extensions.Configuration": "6.0.2",
          "Microsoft.Extensions.Configuration.Abstractions": "6.0.1",
          "Microsoft.Extensions.Configuration.Binder": "6.0.1",
          "Microsoft.Extensions.DependencyInjection.Abstractions": "6.0.0",
          "Microsoft.Extensions.Logging": "6.0.1",
          "Microsoft.Extensions.Logging.Abstractions": "6.0.4",
          "Microsoft.Extensions.Options": "6.0.1",
          "Microsoft.Extensions.Options.ConfigurationExtensions": "6.0.1"
        }
      },
      "Microsoft.Extensions.Options": {
        "type": "Transitive",
        "resolved": "6.0.1",
        "contentHash": "v5rh5jRcLBOKOaLVyYCm4TY/RoJlxWsW7N2TAPkmlHe55/0cB0Syp979x4He1+MIXsaTvJl1WOc7b1D1PSsO3A==",
        "dependencies": {
          "Microsoft.Extensions.DependencyInjection.Abstractions": "6.0.0",
          "Microsoft.Extensions.Primitives": "6.0.1"
        }
      },
      "Microsoft.Extensions.Options.ConfigurationExtensions": {
        "type": "Transitive",
        "resolved": "6.0.1",
        "contentHash": "ad1cS1bEAM0mDZaNQhltnq9UctgWputuL4GnxsX4Dugkk1as6bcSLQdHJQjacP6DgTS3utZY1bZXfry9GvAx4Q==",
        "dependencies": {
          "Microsoft.Extensions.Configuration.Abstractions": "6.0.1",
          "Microsoft.Extensions.Configuration.Binder": "6.0.1",
          "Microsoft.Extensions.DependencyInjection.Abstractions": "6.0.0",
          "Microsoft.Extensions.Options": "6.0.1",
          "Microsoft.Extensions.Primitives": "6.0.1"
        }
      },
      "Microsoft.Extensions.Primitives": {
        "type": "Transitive",
        "resolved": "6.0.1",
        "contentHash": "zyJfttJduuQbGEsd/TgerUEdgzHgUn/6oFgeaE04DKUMs7bbzckV7Ci1QZxf/VyQAlG41gR/GjecEScuYoHCUg=="
      },
      "Microsoft.Identity.Client": {
        "type": "Transitive",
        "resolved": "4.49.1",
        "contentHash": "vDU3cdXIom4+pxJk8sDJcHYTHPhb6DSVF9zjFY61SoQVs1OxbHZY9+mBnq1gGkG7N/o04WTt42IdV/0gf1+5DA==",
        "dependencies": {
          "Microsoft.IdentityModel.Abstractions": "6.22.0"
        }
      },
      "Microsoft.Identity.Client.Extensions.Msal": {
        "type": "Transitive",
        "resolved": "2.25.3",
        "contentHash": "I6/Od0d3OMD9b7RPxW1l25A8oA94H+r9ZtrOe4Ogk49Ftxhs9RS+pbzPE5dLe0i7nQy+1aob7mR22YsNcc0BiQ==",
        "dependencies": {
          "Microsoft.Identity.Client": "4.49.1",
          "System.Security.Cryptography.ProtectedData": "4.5.0"
        }
      },
      "Microsoft.IdentityModel.Abstractions": {
        "type": "Transitive",
        "resolved": "6.22.0",
        "contentHash": "iI+9V+2ciCrbheeLjpmjcqCnhy+r6yCoEcid3nkoFWerHgjVuT6CPM4HODUTtUPe1uwks4wcnAujJ8u+IKogHQ=="
      },
      "Microsoft.NET.Test.Sdk": {
        "type": "Transitive",
        "resolved": "17.4.0",
        "contentHash": "VtNZQ83ntG2aEUjy1gq6B4HNdn96se6FmdY/03At8WiqDReGrApm6OB2fNiSHz9D6IIEtWtNZ2FSH0RJDVXl/w==",
        "dependencies": {
          "Microsoft.CodeCoverage": "17.4.0",
          "Microsoft.TestPlatform.TestHost": "17.4.0"
        }
      },
      "Microsoft.NETCore.Platforms": {
        "type": "Transitive",
        "resolved": "3.1.0",
        "contentHash": "z7aeg8oHln2CuNulfhiLYxCVMPEwBl3rzicjvIX+4sUuCwvXw5oXQEtbiU2c0z4qYL5L3Kmx0mMA/+t/SbY67w=="
      },
      "Microsoft.SourceLink.Common": {
        "type": "Transitive",
        "resolved": "1.1.1",
        "contentHash": "WMcGpWKrmJmzrNeuaEb23bEMnbtR/vLmvZtkAP5qWu7vQsY59GqfRJd65sFpBszbd2k/bQ8cs8eWawQKAabkVg=="
      },
      "Microsoft.SourceLink.GitHub": {
        "type": "Transitive",
        "resolved": "1.1.1",
        "contentHash": "IaJGnOv/M7UQjRJks7B6p7pbPnOwisYGOIzqCz5ilGFTApZ3ktOR+6zJ12ZRPInulBmdAf1SrGdDG2MU8g6XTw==",
        "dependencies": {
          "Microsoft.Build.Tasks.Git": "1.1.1",
          "Microsoft.SourceLink.Common": "1.1.1"
        }
      },
      "Microsoft.TestPlatform.ObjectModel": {
        "type": "Transitive",
        "resolved": "17.4.0",
        "contentHash": "oWe7A0wrZhxagTOcaxJ9r0NXTbgkiBQQuCpCXxnP06NsGV/qOoaY2oaangAJbOUrwEx0eka1do400NwNCjfytw==",
        "dependencies": {
          "NuGet.Frameworks": "5.11.0"
        }
      },
      "Microsoft.TestPlatform.TestHost": {
        "type": "Transitive",
        "resolved": "17.4.0",
        "contentHash": "sUx48fu9wgQF1JxzXeSVtzb7KoKpJrdtIzsFamxET3ZYOKXj+Ej13HWZ0U2nuMVZtZVHBmE+KS3Vv5cIdTlycQ==",
        "dependencies": {
          "Microsoft.TestPlatform.ObjectModel": "17.4.0",
          "Newtonsoft.Json": "13.0.1"
        }
      },
      "Microsoft.Win32.SystemEvents": {
        "type": "Transitive",
        "resolved": "6.0.0",
        "contentHash": "hqTM5628jSsQiv+HGpiq3WKBl2c8v1KZfby2J6Pr7pEPlK9waPdgEO6b8A/+/xn/yZ9ulv8HuqK71ONy2tg67A=="
      },
      "Moq": {
        "type": "Transitive",
        "resolved": "4.18.4",
        "contentHash": "IOo+W51+7Afnb0noltJrKxPBSfsgMzTKCw+Re5AMx8l/vBbAbMDOynLik4+lBYIWDJSO0uV7Zdqt7cNb6RZZ+A==",
        "dependencies": {
          "Castle.Core": "5.1.1"
        }
      },
      "NETStandard.Library": {
        "type": "Transitive",
        "resolved": "2.0.0",
        "contentHash": "7jnbRU+L08FXKMxqUflxEXtVymWvNOrS8yHgu9s6EM8Anr6T/wIX4nZ08j/u3Asz+tCufp3YVwFSEvFTPYmBPA==",
        "dependencies": {
          "Microsoft.NETCore.Platforms": "1.1.0"
        }
      },
      "Newtonsoft.Json": {
        "type": "Transitive",
        "resolved": "13.0.1",
        "contentHash": "ppPFpBcvxdsfUonNcvITKqLl3bqxWbDCZIzDWHzjpdAHRFfZe0Dw9HmA0+za13IdyrgJwpkDTDA9fHaxOrt20A=="
      },
      "NuGet.Frameworks": {
        "type": "Transitive",
        "resolved": "5.11.0",
        "contentHash": "eaiXkUjC4NPcquGWzAGMXjuxvLwc6XGKMptSyOGQeT0X70BUZObuybJFZLA0OfTdueLd3US23NBPTBb6iF3V1Q=="
      },
      "NUnit": {
        "type": "Transitive",
        "resolved": "3.13.3",
        "contentHash": "KNPDpls6EfHwC3+nnA67fh5wpxeLb3VLFAfLxrug6JMYDLHH6InaQIWR7Sc3y75d/9IKzMksH/gi08W7XWbmnQ==",
        "dependencies": {
          "NETStandard.Library": "2.0.0"
        }
      },
      "NUnit.Console": {
        "type": "Transitive",
        "resolved": "3.12.0",
        "contentHash": "9KXFnViEIKQjz4vqiYFpLV9sntfHxixQomLCJzDMXC6WDo9DP2GhDQiBND6we6MRStMSNzoAWgourbLKwo7utQ==",
        "dependencies": {
          "NUnit.ConsoleRunner": "3.12.0",
          "NUnit.Extension.NUnitProjectLoader": "3.6.0",
          "NUnit.Extension.NUnitV2Driver": "3.8.0",
          "NUnit.Extension.NUnitV2ResultWriter": "3.6.0",
          "NUnit.Extension.TeamCityEventListener": "1.0.7",
          "NUnit.Extension.VSProjectLoader": "3.8.0"
        }
      },
      "NUnit.ConsoleRunner": {
        "type": "Transitive",
        "resolved": "3.12.0",
        "contentHash": "ZUtI8leU9ozCjLy4ZZ2X6ClU0hxfQtb95VOdmMA4SxIUvf62rIPxoHXS+jghvo5QxgRihGGcEp8xT3vCfgDdsA=="
      },
      "NUnit.Extension.NUnitProjectLoader": {
        "type": "Transitive",
        "resolved": "3.6.0",
        "contentHash": "ev2+dCJShMNIATkYNm/vHEuieBfbismr9DcUfBvafJZf5vNyugXPuMXO/MaOFcJaoW9j6/zjMmXKG7R5umWzXA=="
      },
      "NUnit.Extension.NUnitV2Driver": {
        "type": "Transitive",
        "resolved": "3.8.0",
        "contentHash": "l6MgFJPTnrlDaMXWfbUZ82h1uvtj0C1ExPpqm6HrYOBa5Z4MBwmFLqj85rnv9JMhu/Ju7jQB/FIaMbfoXInI2A=="
      },
      "NUnit.Extension.NUnitV2ResultWriter": {
        "type": "Transitive",
        "resolved": "3.6.0",
        "contentHash": "P/Nc+wgFRe3dT59/VjhiIT0SWfLMbb/Vc9AtBU3L71VOCs8zQnuNjCOEFLQL/Mq6XSaZeB2Sug9tUgTfCnQk9w=="
      },
      "NUnit.Extension.TeamCityEventListener": {
        "type": "Transitive",
        "resolved": "1.0.7",
        "contentHash": "bw+ZwHsUmxqb9leo91qLEF7ggtdpawY2V6wNqHI6+ATa2SHxHxoxiV5UV07ZWDRpf/qlQJELNlZu7wIB3+w2qQ=="
      },
      "NUnit.Extension.VSProjectLoader": {
        "type": "Transitive",
        "resolved": "3.8.0",
        "contentHash": "CIScV9a7+wUu6Ylb+WO0q/WGWQVoB05TUj3XZHa1CO+2BInDdfIVkqtlrSguhy6D/AGIMaLVrCZpQkQ2m0bbzQ=="
      },
      "NUnit3TestAdapter": {
        "type": "Transitive",
        "resolved": "3.17.0",
        "contentHash": "I9MNvK+GM2yXrHPitwZkAZKU9sYI2OO/8wKC+VuBD7V3z+ySQ1pSopX/urr0ooedI8/TIcajYPRO4vGRr7AM8A==",
        "dependencies": {
          "Microsoft.DotNet.InternalAbstractions": "1.0.0",
          "System.Xml.XPath.XmlDocument": "4.3.0"
        }
      },
      "SpecFlow": {
        "type": "Transitive",
        "resolved": "3.9.74",
        "contentHash": "n6kcg9ZeQWxqJFoT23SsFT89U1QQNwvcN9pAX5alB6ZPr6K0p5D5nGIJ1PZsSaFaRFutiwQ+DicmxBCPAZVYIA==",
        "dependencies": {
          "BoDi": "1.5.0",
          "Gherkin": "19.0.3",
          "Microsoft.Extensions.DependencyModel": "1.0.3",
          "SpecFlow.Internal.Json": "1.0.8",
          "System.Configuration.ConfigurationManager": "4.5.0"
        }
      },
      "SpecFlow.Internal.Json": {
        "type": "Transitive",
        "resolved": "1.0.8",
        "contentHash": "lVCC/Rie7N5rFoc7YxPS0nneLfsWSTIMMlkndwxhaD8MxBp3Bsv1HeiVjVwXCjWaQeoqZcvIy52fF5Xit00ZLw=="
      },
      "SpecFlow.NUnit": {
        "type": "Transitive",
        "resolved": "3.9.74",
        "contentHash": "nMPLztTT5IZDMnvNCUxklqaM+agn4kjuNy/qAcYQQOxau2G1MF73UxhL9OXjJQaEuPuyT8gJvXudOYCFZWztxA==",
        "dependencies": {
          "NUnit": "3.13.1",
          "SpecFlow": "[3.9.74]",
          "SpecFlow.Tools.MsBuild.Generation": "[3.9.74]"
        }
      },
      "SpecFlow.NUnit.Runners": {
        "type": "Transitive",
        "resolved": "3.9.74",
        "contentHash": "m595x3GM7CYco+KsXo96irQ2jcjC6+1+41bKdmnTdl3RAvnC4jUZ9f5B5FhGuaVK4+j4GwWi8MZtGMrT//zHLA==",
        "dependencies": {
          "NUnit.Console": "3.12.0",
          "NUnit3TestAdapter": "3.17.0",
          "SpecFlow.NUnit": "[3.9.74]"
        }
      },
      "SpecFlow.Tools.MsBuild.Generation": {
        "type": "Transitive",
        "resolved": "3.9.74",
        "contentHash": "I/9OvmKOohJqIUNJ0xGYJCWfL6WKDaes8OoOAD/2yhGX+tzC5ofs9yqkP9Cu/xfnIx+11IR3pZs7YhBhGAcgWQ==",
        "dependencies": {
          "SpecFlow": "[3.9.74]"
        }
      },
      "StyleCop.Analyzers.Unstable": {
        "type": "Transitive",
        "resolved": "1.2.0.435",
        "contentHash": "ouwPWZxbOV3SmCZxIRqHvljkSzkCyi1tDoMzQtDb/bRP8ctASV/iRJr+A2Gdj0QLaLmWnqTWDrH82/iP+X80Lg=="
      },
      "System.CodeDom": {
        "type": "Transitive",
        "resolved": "4.7.0",
        "contentHash": "Hs9pw/kmvH3lXaZ1LFKj3pLQsiGfj2xo3sxSzwiLlRL6UcMZUTeCfoJ9Udalvn3yq5dLlPEZzYegrTQ1/LhPOQ=="
      },
      "System.Configuration.ConfigurationManager": {
        "type": "Transitive",
        "resolved": "6.0.0",
        "contentHash": "7T+m0kDSlIPTHIkPMIu6m6tV6qsMqJpvQWW2jIc2qi7sn40qxFo0q+7mEQAhMPXZHMKnWrnv47ntGlM/ejvw3g==",
        "dependencies": {
          "System.Security.Cryptography.ProtectedData": "6.0.0",
          "System.Security.Permissions": "6.0.0"
        }
      },
      "System.Diagnostics.EventLog": {
        "type": "Transitive",
        "resolved": "6.0.0",
        "contentHash": "lcyUiXTsETK2ALsZrX+nWuHSIQeazhqPphLfaRxzdGaG93+0kELqpgEHtwWOlQe7+jSFnKwaCAgL4kjeZCQJnw=="
      },
      "System.Drawing.Common": {
        "type": "Transitive",
        "resolved": "6.0.0",
        "contentHash": "NfuoKUiP2nUWwKZN6twGqXioIe1zVD0RIj2t976A+czLHr2nY454RwwXs6JU9Htc6mwqL6Dn/nEL3dpVf2jOhg==",
        "dependencies": {
          "Microsoft.Win32.SystemEvents": "6.0.0"
        }
      },
      "System.Interactive": {
        "type": "Transitive",
        "resolved": "3.2.0",
        "contentHash": "hoXiC7r+WvT/oQ/QcsCgIJMEcXKXyM26BvIcFVRgEMzXk9URu8oR2ADqrnHwIRiJmxQC/q8b3KTQSkdoFRO4TA=="
      },
      "System.IO.Hashing": {
        "type": "Transitive",
        "resolved": "6.0.0",
        "contentHash": "Rfm2jYCaUeGysFEZjDe7j1R4x6Z6BzumS/vUT5a1AA/AWJuGX71PoGB0RmpyX3VmrGqVnAwtfMn39OHR8Y/5+g=="
      },
      "System.Management": {
        "type": "Transitive",
        "resolved": "4.7.0",
        "contentHash": "IY+uuGhgzWiCg21i8IvQeY/Z7m1tX8VuPF+ludfn7iTCaccTtJo5HkjZbBEL8kbBubKhAKKtNXr7uMtmAc28Pw==",
        "dependencies": {
          "Microsoft.NETCore.Platforms": "3.1.0",
          "System.CodeDom": "4.7.0"
        }
      },
      "System.Memory.Data": {
        "type": "Transitive",
        "resolved": "1.0.2",
        "contentHash": "JGkzeqgBsiZwKJZ1IxPNsDFZDhUvuEdX8L8BDC8N3KOj+6zMcNU28CNN59TpZE/VJYy9cP+5M+sbxtWJx3/xtw=="
      },
      "System.Security.Cryptography.ProtectedData": {
        "type": "Transitive",
        "resolved": "6.0.0",
        "contentHash": "rp1gMNEZpvx9vP0JW0oHLxlf8oSiQgtno77Y4PLUBjSiDYoD77Y8uXHr1Ea5XG4/pIKhqAdxZ8v8OTUtqo9PeQ=="
      },
      "System.Security.Permissions": {
        "type": "Transitive",
        "resolved": "6.0.0",
        "contentHash": "T/uuc7AklkDoxmcJ7LGkyX1CcSviZuLCa4jg3PekfJ7SU0niF0IVTXwUiNVP9DSpzou2PpxJ+eNY2IfDM90ZCg==",
        "dependencies": {
          "System.Windows.Extensions": "6.0.0"
        }
      },
      "System.Windows.Extensions": {
        "type": "Transitive",
        "resolved": "6.0.0",
        "contentHash": "IXoJOXIqc39AIe+CIR7koBtRGMiCt/LPM3lI+PELtDIy9XdyeSrwXFdWV9dzJ2Awl0paLWUaknLxFQ5HpHZUog==",
        "dependencies": {
          "System.Drawing.Common": "6.0.0"
        }
      },
      "System.Xml.XPath.XmlDocument": {
        "type": "Transitive",
        "resolved": "4.3.0",
        "contentHash": "A/uxsWi/Ifzkmd4ArTLISMbfFs6XpRPsXZonrIqyTY70xi8t+mDtvSM5Os0RqyRDobjMBwIDHDL4NOIbkDwf7A=="
      },
      "marain.services.tenancy.testing": {
        "type": "Project",
        "dependencies": {
          "Corvus.Testing.SpecFlow": "[2.0.1, )",
          "Marain.TenantManagement.Abstractions": "[1.0.0, )",
          "Microsoft.Extensions.DependencyInjection.Abstractions": "[6.0.*, )"
        }
      },
      "marain.tenantmanagement.abstractions": {
        "type": "Project",
        "dependencies": {
          "Corvus.Tenancy.Abstractions": "[3.7.1, )",
          "Microsoft.Extensions.Logging.Abstractions": "[6.0.3, )"
        }
      },
      "marain.tenantmanagement.azure.blobstorage": {
        "type": "Project",
        "dependencies": {
          "Corvus.Storage.Azure.BlobStorage.Tenancy": "[3.7.1, )",
          "Marain.TenantManagement.Abstractions": "[1.0.0, )"
        }
      },
      "marain.tenantmanagement.azure.cosmos": {
        "type": "Project",
        "dependencies": {
          "Corvus.Storage.Azure.Cosmos.Tenancy": "[3.7.1, )",
          "Marain.TenantManagement.Abstractions": "[1.0.0, )"
        }
      },
      "marain.tenantmanagement.azure.tablestorage": {
        "type": "Project",
        "dependencies": {
          "Corvus.Storage.Azure.TableStorage.Tenancy": "[3.7.1, )",
          "Marain.TenantManagement.Abstractions": "[1.0.0, )"
        }
      }
    }
  }
}